<Solution>
  <Folder Name="/src/">
    <Project Path="src/Harbora.Agent/Harbora.Agent.csproj" />
    <Project Path="src/Harbora.Application/Harbora.Application.csproj" />
    <Project Path="src/Harbora.Cli/Harbora.Cli.csproj" />
    <Project Path="src/Harbora.Data/Harbora.Data.csproj" />
    <Project Path="src/Harbora.Domain/Harbora.Domain.csproj" />
    <Project Path="src/Harbora.Infrastructure/Harbora.Infrastructure.csproj" />
    <Project Path="src/Harbora.NodeAgent.Contracts/Harbora.NodeAgent.Contracts.csproj" />
    <Project Path="src/Harbora.NodeAgent/Harbora.NodeAgent.csproj" />
    <Project Path="src/Harbora.Shared/Harbora.Shared.csproj" />
    <Project Path="src/Harbora.Web/Harbora.Web.csproj" />
  </Folder>
  <Folder Name="/src/Modules/Backup/">
    <Project Path="src/Modules/Backup/Harbora.Modules.Backup.Contracts/Harbora.Modules.Backup.Contracts.csproj" />
    <Project Path="src/Modules/Backup/Harbora.Modules.Backup.Domain/Harbora.Modules.Backup.Domain.csproj" />
    <Project Path="src/Modules/Backup/Harbora.Modules.Backup.Infrastructure/Harbora.Modules.Backup.Infrastructure.csproj" />
  </Folder>
  <Folder Name="/tests/">
    <Project Path="tests/Harbora.NodeAgent.Tests/Harbora.NodeAgent.Tests.csproj" />
    <Project Path="tests/Harbora.NodeIngress.Tests/Harbora.NodeIngress.Tests.csproj" />
    <Project Path="tests/Harbora.Tests/Harbora.Tests.csproj" />
  </Folder>
</Solution>
